// !$*UTF8*$!
{
	archiveVersion = 1;
	classes = {
	};
	objectVersion = 55;
	objects = {

/* Begin PBXBuildFile section */
		D059751B283E1EDB004A6EFB /* MKMapView Extrntion.swift in Sources */ = {isa = PBXBuildFile; fileRef = D059751A283E1EDB004A6EFB /* MKMapView Extrntion.swift */; };
		D090ED3A2824E2FE00BFB0B4 /* MonumentViewController.swift in Sources */ = {isa = PBXBuildFile; fileRef = D090ED392824E2FE00BFB0B4 /* MonumentViewController.swift */; };
		D0D41074283B9EC800479D4A /* monuments.json in Resources */ = {isa = PBXBuildFile; fileRef = D0D41073283B9EC800479D4A /* monuments.json */; };
		D0D41077283BA24300479D4A /* Bundle-Decodable.swift in Sources */ = {isa = PBXBuildFile; fileRef = D0D41076283BA24300479D4A /* Bundle-Decodable.swift */; };
		D0D41079283BA48900479D4A /* MonumentModel.swift in Sources */ = {isa = PBXBuildFile; fileRef = D0D41078283BA48900479D4A /* MonumentModel.swift */; };
		D0E002352822B782002B219F /* AppDelegate.swift in Sources */ = {isa = PBXBuildFile; fileRef = D0E002342822B782002B219F /* AppDelegate.swift */; };
		D0E002372822B782002B219F /* SceneDelegate.swift in Sources */ = {isa = PBXBuildFile; fileRef = D0E002362822B782002B219F /* SceneDelegate.swift */; };
		D0E002392822B782002B219F /* GalleryViewController.swift in Sources */ = {isa = PBXBuildFile; fileRef = D0E002382822B782002B219F /* GalleryViewController.swift */; };
		D0E0023E2822B78C002B219F /* Assets.xcassets in Resources */ = {isa = PBXBuildFile; fileRef = D0E0023D2822B78C002B219F /* Assets.xcassets */; };
		D0E002412822B78C002B219F /* LaunchScreen.storyboard in Resources */ = {isa = PBXBuildFile; fileRef = D0E0023F2822B78C002B219F /* LaunchScreen.storyboard */; };
		D0E002492822D199002B219F /* Constant.swift in Sources */ = {isa = PBXBuildFile; fileRef = D0E002482822D199002B219F /* Constant.swift */; };
		D0E0024B2822D261002B219F /* UIColor Extention.swift in Sources */ = {isa = PBXBuildFile; fileRef = D0E0024A2822D261002B219F /* UIColor Extention.swift */; };
		D0E0024E2822D7CD002B219F /* GalleryCell.swift in Sources */ = {isa = PBXBuildFile; fileRef = D0E0024D2822D7CD002B219F /* GalleryCell.swift */; };
		D0EFAFB7282902F5002537B4 /* MainTabBarController.swift in Sources */ = {isa = PBXBuildFile; fileRef = D0EFAFB6282902F5002537B4 /* MainTabBarController.swift */; };
		D0EFAFB928290343002537B4 /* MapViewController.swift in Sources */ = {isa = PBXBuildFile; fileRef = D0EFAFB828290343002537B4 /* MapViewController.swift */; };
		D0EFAFBB28290352002537B4 /* InfoViewController.swift in Sources */ = {isa = PBXBuildFile; fileRef = D0EFAFBA28290352002537B4 /* InfoViewController.swift */; };
/* End PBXBuildFile section */

/* Begin PBXFileReference section */
		D059751A283E1EDB004A6EFB /* MKMapView Extrntion.swift */ = {isa = PBXFileReference; lastKnownFileType = sourcecode.swift; path = "MKMapView Extrntion.swift"; sourceTree = "<group>"; };
		D090ED392824E2FE00BFB0B4 /* MonumentViewController.swift */ = {isa = PBXFileReference; lastKnownFileType = sourcecode.swift; path = MonumentViewController.swift; sourceTree = "<group>"; };
		D0D41073283B9EC800479D4A /* monuments.json */ = {isa = PBXFileReference; lastKnownFileType = text.json; path = monuments.json; sourceTree = "<group>"; };
		D0D41076283BA24300479D4A /* Bundle-Decodable.swift */ = {isa = PBXFileReference; lastKnownFileType = sourcecode.swift; path = "Bundle-Decodable.swift"; sourceTree = "<group>"; };
		D0D41078283BA48900479D4A /* MonumentModel.swift */ = {isa = PBXFileReference; lastKnownFileType = sourcecode.swift; path = MonumentModel.swift; sourceTree = "<group>"; };
		D0E002312822B782002B219F /* Borodino.app */ = {isa = PBXFileReference; explicitFileType = wrapper.application; includeInIndex = 0; path = Borodino.app; sourceTree = BUILT_PRODUCTS_DIR; };
		D0E002342822B782002B219F /* AppDelegate.swift */ = {isa = PBXFileReference; lastKnownFileType = sourcecode.swift; path = AppDelegate.swift; sourceTree = "<group>"; };
		D0E002362822B782002B219F /* SceneDelegate.swift */ = {isa = PBXFileReference; lastKnownFileType = sourcecode.swift; path = SceneDelegate.swift; sourceTree = "<group>"; };
		D0E002382822B782002B219F /* GalleryViewController.swift */ = {isa = PBXFileReference; lastKnownFileType = sourcecode.swift; path = GalleryViewController.swift; sourceTree = "<group>"; };
		D0E0023D2822B78C002B219F /* Assets.xcassets */ = {isa = PBXFileReference; lastKnownFileType = folder.assetcatalog; path = Assets.xcassets; sourceTree = "<group>"; };
		D0E002402822B78C002B219F /* Base */ = {isa = PBXFileReference; lastKnownFileType = file.storyboard; name = Base; path = Base.lproj/LaunchScreen.storyboard; sourceTree = "<group>"; };
		D0E002422822B78C002B219F /* Info.plist */ = {isa = PBXFileReference; lastKnownFileType = text.plist.xml; path = Info.plist; sourceTree = "<group>"; };
		D0E002482822D199002B219F /* Constant.swift */ = {isa = PBXFileReference; lastKnownFileType = sourcecode.swift; path = Constant.swift; sourceTree = "<group>"; };
		D0E0024A2822D261002B219F /* UIColor Extention.swift */ = {isa = PBXFileReference; lastKnownFileType = sourcecode.swift; path = "UIColor Extention.swift"; sourceTree = "<group>"; };
		D0E0024D2822D7CD002B219F /* GalleryCell.swift */ = {isa = PBXFileReference; lastKnownFileType = sourcecode.swift; path = GalleryCell.swift; sourceTree = "<group>"; };
		D0EFAFB6282902F5002537B4 /* MainTabBarController.swift */ = {isa = PBXFileReference; lastKnownFileType = sourcecode.swift; path = MainTabBarController.swift; sourceTree = "<group>"; };
		D0EFAFB828290343002537B4 /* MapViewController.swift */ = {isa = PBXFileReference; lastKnownFileType = sourcecode.swift; path = MapViewController.swift; sourceTree = "<group>"; };
		D0EFAFBA28290352002537B4 /* InfoViewController.swift */ = {isa = PBXFileReference; lastKnownFileType = sourcecode.swift; path = InfoViewController.swift; sourceTree = "<group>"; };
/* End PBXFileReference section */

/* Begin PBXFrameworksBuildPhase section */
		D0E0022E2822B782002B219F /* Frameworks */ = {
			isa = PBXFrameworksBuildPhase;
			buildActionMask = 2147483647;
			files = (
			);
			runOnlyForDeploymentPostprocessing = 0;
		};
/* End PBXFrameworksBuildPhase section */

/* Begin PBXGroup section */
		D0B5E0F72823D397002BAD17 /* Models */ = {
			isa = PBXGroup;
			children = (
				D0D41078283BA48900479D4A /* MonumentModel.swift */,
			);
			path = Models;
			sourceTree = "<group>";
		};
		D0D41072283B9E9400479D4A /* Resources */ = {
			isa = PBXGroup;
			children = (
				D0E0023D2822B78C002B219F /* Assets.xcassets */,
				D0D41073283B9EC800479D4A /* monuments.json */,
			);
			path = Resources;
			sourceTree = "<group>";
		};
		D0E002282822B782002B219F = {
			isa = PBXGroup;
			children = (
				D0E002332822B782002B219F /* Borodino */,
				D0E002322822B782002B219F /* Products */,
			);
			sourceTree = "<group>";
		};
		D0E002322822B782002B219F /* Products */ = {
			isa = PBXGroup;
			children = (
				D0E002312822B782002B219F /* Borodino.app */,
			);
			name = Products;
			sourceTree = "<group>";
		};
		D0E002332822B782002B219F /* Borodino */ = {
			isa = PBXGroup;
			children = (
				D0EFAFB32829024A002537B4 /* Other */,
				D0EFAFB428290273002537B4 /* Controllers */,
				D0EFAFB5282902A1002537B4 /* Views */,
				D0B5E0F72823D397002BAD17 /* Models */,
				D0E0024C2822D26E002B219F /* Utils */,
				D0D41072283B9E9400479D4A /* Resources */,
				D0E002422822B78C002B219F /* Info.plist */,
			);
			path = Borodino;
			sourceTree = "<group>";
		};
		D0E0024C2822D26E002B219F /* Utils */ = {
			isa = PBXGroup;
			children = (
				D0E002482822D199002B219F /* Constant.swift */,
				D0E0024A2822D261002B219F /* UIColor Extention.swift */,
				D0D41076283BA24300479D4A /* Bundle-Decodable.swift */,
				D059751A283E1EDB004A6EFB /* MKMapView Extrntion.swift */,
			);
			path = Utils;
			sourceTree = "<group>";
		};
		D0EFAFB32829024A002537B4 /* Other */ = {
			isa = PBXGroup;
			children = (
				D0E002342822B782002B219F /* AppDelegate.swift */,
				D0E002362822B782002B219F /* SceneDelegate.swift */,
			);
			path = Other;
			sourceTree = "<group>";
		};
		D0EFAFB428290273002537B4 /* Controllers */ = {
			isa = PBXGroup;
			children = (
				D0EFAFB6282902F5002537B4 /* MainTabBarController.swift */,
				D0E002382822B782002B219F /* GalleryViewController.swift */,
				D090ED392824E2FE00BFB0B4 /* MonumentViewController.swift */,
				D0EFAFB828290343002537B4 /* MapViewController.swift */,
				D0EFAFBA28290352002537B4 /* InfoViewController.swift */,
				D0E0024D2822D7CD002B219F /* GalleryCell.swift */,
			);
			path = Controllers;
			sourceTree = "<group>";
		};
		D0EFAFB5282902A1002537B4 /* Views */ = {
			isa = PBXGroup;
			children = (
				D0E0023F2822B78C002B219F /* LaunchScreen.storyboard */,
			);
			path = Views;
			sourceTree = "<group>";
		};
/* End PBXGroup section */

/* Begin PBXNativeTarget section */
		D0E002302822B782002B219F /* Borodino */ = {
			isa = PBXNativeTarget;
			buildConfigurationList = D0E002452822B78C002B219F /* Build configuration list for PBXNativeTarget "Borodino" */;
			buildPhases = (
				D0E0022D2822B782002B219F /* Sources */,
				D0E0022E2822B782002B219F /* Frameworks */,
				D0E0022F2822B782002B219F /* Resources */,
			);
			buildRules = (
			);
			dependencies = (
			);
			name = Borodino;
			productName = Borodino;
			productReference = D0E002312822B782002B219F /* Borodino.app */;
			productType = "com.apple.product-type.application";
		};
/* End PBXNativeTarget section */

/* Begin PBXProject section */
		D0E002292822B782002B219F /* Project object */ = {
			isa = PBXProject;
			attributes = {
				BuildIndependentTargetsInParallel = 1;
				LastSwiftUpdateCheck = 1330;
				LastUpgradeCheck = 1330;
				TargetAttributes = {
					D0E002302822B782002B219F = {
						CreatedOnToolsVersion = 13.3.1;
					};
				};
			};
			buildConfigurationList = D0E0022C2822B782002B219F /* Build configuration list for PBXProject "Borodino" */;
			compatibilityVersion = "Xcode 13.0";
			developmentRegion = en;
			hasScannedForEncodings = 0;
			knownRegions = (
				en,
				Base,
			);
			mainGroup = D0E002282822B782002B219F;
			productRefGroup = D0E002322822B782002B219F /* Products */;
			projectDirPath = "";
			projectRoot = "";
			targets = (
				D0E002302822B782002B219F /* Borodino */,
			);
		};
/* End PBXProject section */

/* Begin PBXResourcesBuildPhase section */
		D0E0022F2822B782002B219F /* Resources */ = {
			isa = PBXResourcesBuildPhase;
			buildActionMask = 2147483647;
			files = (
				D0E002412822B78C002B219F /* LaunchScreen.storyboard in Resources */,
				D0E0023E2822B78C002B219F /* Assets.xcassets in Resources */,
				D0D41074283B9EC800479D4A /* monuments.json in Resources */,
			);
			runOnlyForDeploymentPostprocessing = 0;
		};
/* End PBXResourcesBuildPhase section */

/* Begin PBXSourcesBuildPhase section */
		D0E0022D2822B782002B219F /* Sources */ = {
			isa = PBXSourcesBuildPhase;
			buildActionMask = 2147483647;
			files = (
				D0E0024E2822D7CD002B219F /* GalleryCell.swift in Sources */,
				D0EFAFB7282902F5002537B4 /* MainTabBarController.swift in Sources */,
				D0E002392822B782002B219F /* GalleryViewController.swift in Sources */,
				D059751B283E1EDB004A6EFB /* MKMapView Extrntion.swift in Sources */,
				D0D41079283BA48900479D4A /* MonumentModel.swift in Sources */,
				D0E0024B2822D261002B219F /* UIColor Extention.swift in Sources */,
				D0D41077283BA24300479D4A /* Bundle-Decodable.swift in Sources */,
				D090ED3A2824E2FE00BFB0B4 /* MonumentViewController.swift in Sources */,
				D0EFAFB928290343002537B4 /* MapViewController.swift in Sources */,
				D0E002352822B782002B219F /* AppDelegate.swift in Sources */,
				D0EFAFBB28290352002537B4 /* InfoViewController.swift in Sources */,
				D0E002372822B782002B219F /* SceneDelegate.swift in Sources */,
				D0E002492822D199002B219F /* Constant.swift in Sources */,
			);
			runOnlyForDeploymentPostprocessing = 0;
		};
/* End PBXSourcesBuildPhase section */

/* Begin PBXVariantGroup section */
		D0E0023F2822B78C002B219F /* LaunchScreen.storyboard */ = {
			isa = PBXVariantGroup;
			children = (
				D0E002402822B78C002B219F /* Base */,
			);
			name = LaunchScreen.storyboard;
			sourceTree = "<group>";
		};
/* End PBXVariantGroup section */

/* Begin XCBuildConfiguration section */
		D0E002432822B78C002B219F /* Debug */ = {
			isa = XCBuildConfiguration;
			buildSettings = {
				ALWAYS_SEARCH_USER_PATHS = NO;
				CLANG_ANALYZER_NONNULL = YES;
				CLANG_ANALYZER_NUMBER_OBJECT_CONVERSION = YES_AGGRESSIVE;
				CLANG_CXX_LANGUAGE_STANDARD = "gnu++17";
				CLANG_ENABLE_MODULES = YES;
				CLANG_ENABLE_OBJC_ARC = YES;
				CLANG_ENABLE_OBJC_WEAK = YES;
				CLANG_WARN_BLOCK_CAPTURE_AUTORELEASING = YES;
				CLANG_WARN_BOOL_CONVERSION = YES;
				CLANG_WARN_COMMA = YES;
				CLANG_WARN_CONSTANT_CONVERSION = YES;
				CLANG_WARN_DEPRECATED_OBJC_IMPLEMENTATIONS = YES;
				CLANG_WARN_DIRECT_OBJC_ISA_USAGE = YES_ERROR;
				CLANG_WARN_DOCUMENTATION_COMMENTS = YES;
				CLANG_WARN_EMPTY_BODY = YES;
				CLANG_WARN_ENUM_CONVERSION = YES;
				CLANG_WARN_INFINITE_RECURSION = YES;
				CLANG_WARN_INT_CONVERSION = YES;
				CLANG_WARN_NON_LITERAL_NULL_CONVERSION = YES;
				CLANG_WARN_OBJC_IMPLICIT_RETAIN_SELF = YES;
				CLANG_WARN_OBJC_LITERAL_CONVERSION = YES;
				CLANG_WARN_OBJC_ROOT_CLASS = YES_ERROR;
				CLANG_WARN_QUOTED_INCLUDE_IN_FRAMEWORK_HEADER = YES;
				CLANG_WARN_RANGE_LOOP_ANALYSIS = YES;
				CLANG_WARN_STRICT_PROTOTYPES = YES;
				CLANG_WARN_SUSPICIOUS_MOVE = YES;
				CLANG_WARN_UNGUARDED_AVAILABILITY = YES_AGGRESSIVE;
				CLANG_WARN_UNREACHABLE_CODE = YES;
				CLANG_WARN__DUPLICATE_METHOD_MATCH = YES;
				COPY_PHASE_STRIP = NO;
				DEBUG_INFORMATION_FORMAT = dwarf;
				ENABLE_STRICT_OBJC_MSGSEND = YES;
				ENABLE_TESTABILITY = YES;
				GCC_C_LANGUAGE_STANDARD = gnu11;
				GCC_DYNAMIC_NO_PIC = NO;
				GCC_NO_COMMON_BLOCKS = YES;
				GCC_OPTIMIZATION_LEVEL = 0;
				GCC_PREPROCESSOR_DEFINITIONS = (
					"DEBUG=1",
					"$(inherited)",
				);
				GCC_WARN_64_TO_32_BIT_CONVERSION = YES;
				GCC_WARN_ABOUT_RETURN_TYPE = YES_ERROR;
				GCC_WARN_UNDECLARED_SELECTOR = YES;
				GCC_WARN_UNINITIALIZED_AUTOS = YES_AGGRESSIVE;
				GCC_WARN_UNUSED_FUNCTION = YES;
				GCC_WARN_UNUSED_VARIABLE = YES;
				IPHONEOS_DEPLOYMENT_TARGET = 13.0;
				MTL_ENABLE_DEBUG_INFO = INCLUDE_SOURCE;
				MTL_FAST_MATH = YES;
				ONLY_ACTIVE_ARCH = YES;
				SDKROOT = iphoneos;
				SWIFT_ACTIVE_COMPILATION_CONDITIONS = DEBUG;
				SWIFT_OPTIMIZATION_LEVEL = "-Onone";
			};
			name = Debug;
		};
		D0E002442822B78C002B219F /* Release */ = {
			isa = XCBuildConfiguration;
			buildSettings = {
				ALWAYS_SEARCH_USER_PATHS = NO;
				CLANG_ANALYZER_NONNULL = YES;
				CLANG_ANALYZER_NUMBER_OBJECT_CONVERSION = YES_AGGRESSIVE;
				CLANG_CXX_LANGUAGE_STANDARD = "gnu++17";
				CLANG_ENABLE_MODULES = YES;
				CLANG_ENABLE_OBJC_ARC = YES;
				CLANG_ENABLE_OBJC_WEAK = YES;
				CLANG_WARN_BLOCK_CAPTURE_AUTORELEASING = YES;
				CLANG_WARN_BOOL_CONVERSION = YES;
				CLANG_WARN_COMMA = YES;
				CLANG_WARN_CONSTANT_CONVERSION = YES;
				CLANG_WARN_DEPRECATED_OBJC_IMPLEMENTATIONS = YES;
				CLANG_WARN_DIRECT_OBJC_ISA_USAGE = YES_ERROR;
				CLANG_WARN_DOCUMENTATION_COMMENTS = YES;
				CLANG_WARN_EMPTY_BODY = YES;
				CLANG_WARN_ENUM_CONVERSION = YES;
				CLANG_WARN_INFINITE_RECURSION = YES;
				CLANG_WARN_INT_CONVERSION = YES;
				CLANG_WARN_NON_LITERAL_NULL_CONVERSION = YES;
				CLANG_WARN_OBJC_IMPLICIT_RETAIN_SELF = YES;
				CLANG_WARN_OBJC_LITERAL_CONVERSION = YES;
				CLANG_WARN_OBJC_ROOT_CLASS = YES_ERROR;
				CLANG_WARN_QUOTED_INCLUDE_IN_FRAMEWORK_HEADER = YES;
				CLANG_WARN_RANGE_LOOP_ANALYSIS = YES;
				CLANG_WARN_STRICT_PROTOTYPES = YES;
				CLANG_WARN_SUSPICIOUS_MOVE = YES;
				CLANG_WARN_UNGUARDED_AVAILABILITY = YES_AGGRESSIVE;
				CLANG_WARN_UNREACHABLE_CODE = YES;
				CLANG_WARN__DUPLICATE_METHOD_MATCH = YES;
				COPY_PHASE_STRIP = NO;
				DEBUG_INFORMATION_FORMAT = "dwarf-with-dsym";
				ENABLE_NS_ASSERTIONS = NO;
				ENABLE_STRICT_OBJC_MSGSEND = YES;
				GCC_C_LANGUAGE_STANDARD = gnu11;
				GCC_NO_COMMON_BLOCKS = YES;
				GCC_WARN_64_TO_32_BIT_CONVERSION = YES;
				GCC_WARN_ABOUT_RETURN_TYPE = YES_ERROR;
				GCC_WARN_UNDECLARED_SELECTOR = YES;
				GCC_WARN_UNINITIALIZED_AUTOS = YES_AGGRESSIVE;
				GCC_WARN_UNUSED_FUNCTION = YES;
				GCC_WARN_UNUSED_VARIABLE = YES;
				IPHONEOS_DEPLOYMENT_TARGET = 13.0;
				MTL_ENABLE_DEBUG_INFO = NO;
				MTL_FAST_MATH = YES;
				SDKROOT = iphoneos;
				SWIFT_COMPILATION_MODE = wholemodule;
				SWIFT_OPTIMIZATION_LEVEL = "-O";
				VALIDATE_PRODUCT = YES;
			};
			name = Release;
		};
		D0E002462822B78C002B219F /* Debug */ = {
			isa = XCBuildConfiguration;
			buildSettings = {
				ASSETCATALOG_COMPILER_APPICON_NAME = AppIcon;
				ASSETCATALOG_COMPILER_GLOBAL_ACCENT_COLOR_NAME = AccentColor;
				CODE_SIGN_STYLE = Automatic;
				CURRENT_PROJECT_VERSION = 1;
				DEVELOPMENT_TEAM = 2S52Q5VDX5;
				GENERATE_INFOPLIST_FILE = YES;
				INFOPLIST_FILE = Borodino/Info.plist;
				INFOPLIST_KEY_UIApplicationSupportsIndirectInputEvents = YES;
				INFOPLIST_KEY_UILaunchStoryboardName = LaunchScreen;
				INFOPLIST_KEY_UISupportedInterfaceOrientations_iPad = "UIInterfaceOrientationPortrait UIInterfaceOrientationPortraitUpsideDown UIInterfaceOrientationLandscapeLeft UIInterfaceOrientationLandscapeRight";
				INFOPLIST_KEY_UISupportedInterfaceOrientations_iPhone = "UIInterfaceOrientationPortrait UIInterfaceOrientationLandscapeLeft UIInterfaceOrientationLandscapeRight";
				LD_RUNPATH_SEARCH_PATHS = (
					"$(inherited)",
					"@executable_path/Frameworks",
				);
				MARKETING_VERSION = 1.0;
				PRODUCT_BUNDLE_IDENTIFIER = com.a.pride.Borodino;
				PRODUCT_NAME = "$(TARGET_NAME)";
				SWIFT_EMIT_LOC_STRINGS = YES;
				SWIFT_VERSION = 5.0;
				TARGETED_DEVICE_FAMILY = "1,2";
			};
			name = Debug;
		};
		D0E002472822B78C002B219F /* Release */ = {
			isa = XCBuildConfiguration;
			buildSettings = {
				ASSETCATALOG_COMPILER_APPICON_NAME = AppIcon;
				ASSETCATALOG_COMPILER_GLOBAL_ACCENT_COLOR_NAME = AccentColor;
				CODE_SIGN_STYLE = Automatic;
				CURRENT_PROJECT_VERSION = 1;
				DEVELOPMENT_TEAM = 2S52Q5VDX5;
				GENERATE_INFOPLIST_FILE = YES;
				INFOPLIST_FILE = Borodino/Info.plist;
				INFOPLIST_KEY_UIApplicationSupportsIndirectInputEvents = YES;
				INFOPLIST_KEY_UILaunchStoryboardName = LaunchScreen;
				INFOPLIST_KEY_UISupportedInterfaceOrientations_iPad = "UIInterfaceOrientationPortrait UIInterfaceOrientationPortraitUpsideDown UIInterfaceOrientationLandscapeLeft UIInterfaceOrientationLandscapeRight";
				INFOPLIST_KEY_UISupportedInterfaceOrientations_iPhone = "UIInterfaceOrientationPortrait UIInterfaceOrientationLandscapeLeft UIInterfaceOrientationLandscapeRight";
				LD_RUNPATH_SEARCH_PATHS = (
					"$(inherited)",
					"@executable_path/Frameworks",
				);
				MARKETING_VERSION = 1.0;
				PRODUCT_BUNDLE_IDENTIFIER = com.a.pride.Borodino;
				PRODUCT_NAME = "$(TARGET_NAME)";
				SWIFT_EMIT_LOC_STRINGS = YES;
				SWIFT_VERSION = 5.0;
				TARGETED_DEVICE_FAMILY = "1,2";
			};
			name = Release;
		};
/* End XCBuildConfiguration section */

/* Begin XCConfigurationList section */
		D0E0022C2822B782002B219F /* Build configuration list for PBXProject "Borodino" */ = {
			isa = XCConfigurationList;
			buildConfigurations = (
				D0E002432822B78C002B219F /* Debug */,
				D0E002442822B78C002B219F /* Release */,
			);
			defaultConfigurationIsVisible = 0;
			defaultConfigurationName = Release;
		};
		D0E002452822B78C002B219F /* Build configuration list for PBXNativeTarget "Borodino" */ = {
			isa = XCConfigurationList;
			buildConfigurations = (
				D0E002462822B78C002B219F /* Debug */,
				D0E002472822B78C002B219F /* Release */,
			);
			defaultConfigurationIsVisible = 0;
			defaultConfigurationName = Release;
		};
/* End XCConfigurationList section */
	};
	rootObject = D0E002292822B782002B219F /* Project object */;
}
